
Microsoft Visual Studio Solution File, Format Version 12.00
# Visual Studio 15
VisualStudioVersion = 15.0.28307.852
MinimumVisualStudioVersion = 10.0.40219.1
Project("{8BC9CEB8-8B4A-11D0-8D11-00A0C91BC942}") = "road", "road\road.vcxproj", "{13B025C5-413B-4B9C-AFAC-33DC281E09AA}"
EndProject
Global
	GlobalSection(SolutionConfigurationPlatforms) = preSolution
		Debug|x64 = Debug|x64
		Debug|x86 = Debug|x86
		Release|x64 = Release|x64
		Release|x86 = Release|x86
	EndGlobalSection
	GlobalSection(ProjectConfigurationPlatforms) = postSolution
		{13B025C5-413B-4B9C-AFAC-33DC281E09AA}.Debug|x64.ActiveCfg = Debug|x64
		{13B025C5-413B-4B9C-AFAC-33DC281E09AA}.Debug|x64.Build.0 = Debug|x64
		{13B025C5-413B-4B9C-AFAC-33DC281E09AA}.Debug|x86.ActiveCfg = Debug|Win32
		{13B025C5-413B-4B9C-AFAC-33DC281E09AA}.Debug|x86.Build.0 = Debug|Win32
		{13B025C5-413B-4B9C-AFAC-33DC281E09AA}.Release|x64.ActiveCfg = Release|x64
		{13B025C5-413B-4B9C-AFAC-33DC281E09AA}.Release|x64.Build.0 = Release|x64
		{13B025C5-413B-4B9C-AFAC-33DC281E09AA}.Release|x86.ActiveCfg = Release|Win32
		{13B025C5-413B-4B9C-AFAC-33DC281E09AA}.Release|x86.Build.0 = Release|Win32
	EndGlobalSection
	GlobalSection(SolutionProperties) = preSolution
		HideSolutionNode = FALSE
	EndGlobalSection
	GlobalSection(ExtensibilityGlobals) = postSolution
		SolutionGuid = {90BB505C-6F0B-4A6D-932F-21EFAB13EE5A}
	EndGlobalSection
EndGlobal
